
Microsoft Visual Studio Solution File, Format Version 12.00
# Visual Studio Version 16
VisualStudioVersion = 16.0.29009.5
MinimumVisualStudioVersion = 10.0.40219.1
Project("{FAE04EC0-301F-11D3-BF4B-00C04F79EFBC}") = "ProbOne1", "ProbOne1\ProbOne1.csproj", "{DB1E1EA0-E26E-450B-9D79-2D5A9AC616C7}"
EndProject
Global
	GlobalSection(SolutionConfigurationPlatforms) = preSolution
		Debug|Any CPU = Debug|Any CPU
		Release|Any CPU = Release|Any CPU
	EndGlobalSection
	GlobalSection(ProjectConfigurationPlatforms) = postSolution
		{DB1E1EA0-E26E-450B-9D79-2D5A9AC616C7}.Debug|Any CPU.ActiveCfg = Debug|Any CPU
		{DB1E1EA0-E26E-450B-9D79-2D5A9AC616C7}.Debug|Any CPU.Build.0 = Debug|Any CPU
		{DB1E1EA0-E26E-450B-9D79-2D5A9AC616C7}.Release|Any CPU.ActiveCfg = Release|Any CPU
		{DB1E1EA0-E26E-450B-9D79-2D5A9AC616C7}.Release|Any CPU.Build.0 = Release|Any CPU
	EndGlobalSection
	GlobalSection(SolutionProperties) = preSolution
		HideSolutionNode = FALSE
	EndGlobalSection
	GlobalSection(ExtensibilityGlobals) = postSolution
		SolutionGuid = {DC167D12-A1C6-4901-AF3E-58F7A9633E50}
	EndGlobalSection
EndGlobal
